
Microsoft Visual Studio Solution File, Format Version 12.00
# Visual Studio Version 17
VisualStudioVersion = 17.1.32414.318
MinimumVisualStudioVersion = 10.0.40219.1
Project("{9A19103F-16F7-4668-BE54-9A1E7A4F7556}") = "SportProductsAPI", "SportProductsAPI\SportProductsAPI.csproj", "{3795AA9F-85EC-4765-BC6B-C97C16685A94}"
EndProject
Project("{9A19103F-16F7-4668-BE54-9A1E7A4F7556}") = "APITest", "APITest\APITest.csproj", "{C6E6E724-CB65-4E22-8922-AC0A8841EA90}"
EndProject
Project("{9A19103F-16F7-4668-BE54-9A1E7A4F7556}") = "SportProductsWeb", "SportProductsWeb\SportProductsWeb.csproj", "{6C2F5739-3102-4477-9A9D-A5CDDA7A8784}"
EndProject
Global
	GlobalSection(SolutionConfigurationPlatforms) = preSolution
		Debug|Any CPU = Debug|Any CPU
		Release|Any CPU = Release|Any CPU
	EndGlobalSection
	GlobalSection(ProjectConfigurationPlatforms) = postSolution
		{3795AA9F-85EC-4765-BC6B-C97C16685A94}.Debug|Any CPU.ActiveCfg = Debug|Any CPU
		{3795AA9F-85EC-4765-BC6B-C97C16685A94}.Debug|Any CPU.Build.0 = Debug|Any CPU
		{3795AA9F-85EC-4765-BC6B-C97C16685A94}.Release|Any CPU.ActiveCfg = Release|Any CPU
		{3795AA9F-85EC-4765-BC6B-C97C16685A94}.Release|Any CPU.Build.0 = Release|Any CPU
		{C6E6E724-CB65-4E22-8922-AC0A8841EA90}.Debug|Any CPU.ActiveCfg = Debug|Any CPU
		{C6E6E724-CB65-4E22-8922-AC0A8841EA90}.Debug|Any CPU.Build.0 = Debug|Any CPU
		{C6E6E724-CB65-4E22-8922-AC0A8841EA90}.Release|Any CPU.ActiveCfg = Release|Any CPU
		{C6E6E724-CB65-4E22-8922-AC0A8841EA90}.Release|Any CPU.Build.0 = Release|Any CPU
		{6C2F5739-3102-4477-9A9D-A5CDDA7A8784}.Debug|Any CPU.ActiveCfg = Debug|Any CPU
		{6C2F5739-3102-4477-9A9D-A5CDDA7A8784}.Debug|Any CPU.Build.0 = Debug|Any CPU
		{6C2F5739-3102-4477-9A9D-A5CDDA7A8784}.Release|Any CPU.ActiveCfg = Release|Any CPU
		{6C2F5739-3102-4477-9A9D-A5CDDA7A8784}.Release|Any CPU.Build.0 = Release|Any CPU
	EndGlobalSection
	GlobalSection(SolutionProperties) = preSolution
		HideSolutionNode = FALSE
	EndGlobalSection
	GlobalSection(ExtensibilityGlobals) = postSolution
		SolutionGuid = {361EDEA6-10A3-4FF9-A02D-67EDF140121A}
	EndGlobalSection
EndGlobal
